
Microsoft Visual Studio Solution File, Format Version 12.00
# Visual Studio Version 16
VisualStudioVersion = 16.0.30621.155
MinimumVisualStudioVersion = 10.0.40219.1
Project("{FAE04EC0-301F-11D3-BF4B-00C04F79EFBC}") = "unlock-music-desktop", "unlock-music-desktop\unlock-music-desktop.csproj", "{ADC75272-9AC5-4B7F-9649-458F18B24966}"
EndProject
Global
	GlobalSection(SolutionConfigurationPlatforms) = preSolution
		Debug|Any CPU = Debug|Any CPU
		Release|Any CPU = Release|Any CPU
	EndGlobalSection
	GlobalSection(ProjectConfigurationPlatforms) = postSolution
		{ADC75272-9AC5-4B7F-9649-458F18B24966}.Debug|Any CPU.ActiveCfg = Debug|Any CPU
		{ADC75272-9AC5-4B7F-9649-458F18B24966}.Debug|Any CPU.Build.0 = Debug|Any CPU
		{ADC75272-9AC5-4B7F-9649-458F18B24966}.Release|Any CPU.ActiveCfg = Release|Any CPU
		{ADC75272-9AC5-4B7F-9649-458F18B24966}.Release|Any CPU.Build.0 = Release|Any CPU
	EndGlobalSection
	GlobalSection(SolutionProperties) = preSolution
		HideSolutionNode = FALSE
	EndGlobalSection
	GlobalSection(ExtensibilityGlobals) = postSolution
		SolutionGuid = {AF6CB772-672D-4666-90E5-023D09893D75}
	EndGlobalSection
EndGlobal
